// !$*UTF8*$!
{
	archiveVersion = 1;
	classes = {
	};
	objectVersion = 50;
	objects = {

/* Begin PBXBuildFile section */
		558A88B1255A960200D5EA5C /* AppDelegate.swift in Sources */ = {isa = PBXBuildFile; fileRef = 558A88B0255A960200D5EA5C /* AppDelegate.swift */; };
		558A88B3255A960200D5EA5C /* SceneDelegate.swift in Sources */ = {isa = PBXBuildFile; fileRef = 558A88B2255A960200D5EA5C /* SceneDelegate.swift */; };
		558A88B5255A960200D5EA5C /* ViewController.swift in Sources */ = {isa = PBXBuildFile; fileRef = 558A88B4255A960200D5EA5C /* ViewController.swift */; };
		558A88B8255A960200D5EA5C /* Main.storyboard in Resources */ = {isa = PBXBuildFile; fileRef = 558A88B6255A960200D5EA5C /* Main.storyboard */; };
		558A88BA255A960500D5EA5C /* Assets.xcassets in Resources */ = {isa = PBXBuildFile; fileRef = 558A88B9255A960500D5EA5C /* Assets.xcassets */; };
		558A88BD255A960500D5EA5C /* LaunchScreen.storyboard in Resources */ = {isa = PBXBuildFile; fileRef = 558A88BB255A960500D5EA5C /* LaunchScreen.storyboard */; };
		558A88C7255AB46F00D5EA5C /* ExcelFormula.swift in Sources */ = {isa = PBXBuildFile; fileRef = 558A88C6255AB46F00D5EA5C /* ExcelFormula.swift */; };
		558A88CA255AB6EC00D5EA5C /* Double+asCurrency.swift in Sources */ = {isa = PBXBuildFile; fileRef = 558A88C9255AB6EC00D5EA5C /* Double+asCurrency.swift */; };
/* End PBXBuildFile section */

/* Begin PBXFileReference section */
		558A88AD255A960200D5EA5C /* Budget Tracker App.app */ = {isa = PBXFileReference; explicitFileType = wrapper.application; includeInIndex = 0; path = "Budget Tracker App.app"; sourceTree = BUILT_PRODUCTS_DIR; };
		558A88B0255A960200D5EA5C /* AppDelegate.swift */ = {isa = PBXFileReference; lastKnownFileType = sourcecode.swift; path = AppDelegate.swift; sourceTree = "<group>"; };
		558A88B2255A960200D5EA5C /* SceneDelegate.swift */ = {isa = PBXFileReference; lastKnownFileType = sourcecode.swift; path = SceneDelegate.swift; sourceTree = "<group>"; };
		558A88B4255A960200D5EA5C /* ViewController.swift */ = {isa = PBXFileReference; lastKnownFileType = sourcecode.swift; path = ViewController.swift; sourceTree = "<group>"; };
		558A88B7255A960200D5EA5C /* Base */ = {isa = PBXFileReference; lastKnownFileType = file.storyboard; name = Base; path = Base.lproj/Main.storyboard; sourceTree = "<group>"; };
		558A88B9255A960500D5EA5C /* Assets.xcassets */ = {isa = PBXFileReference; lastKnownFileType = folder.assetcatalog; path = Assets.xcassets; sourceTree = "<group>"; };
		558A88BC255A960500D5EA5C /* Base */ = {isa = PBXFileReference; lastKnownFileType = file.storyboard; name = Base; path = Base.lproj/LaunchScreen.storyboard; sourceTree = "<group>"; };
		558A88BE255A960500D5EA5C /* Info.plist */ = {isa = PBXFileReference; lastKnownFileType = text.plist.xml; path = Info.plist; sourceTree = "<group>"; };
		558A88C6255AB46F00D5EA5C /* ExcelFormula.swift */ = {isa = PBXFileReference; lastKnownFileType = sourcecode.swift; path = ExcelFormula.swift; sourceTree = "<group>"; };
		558A88C9255AB6EC00D5EA5C /* Double+asCurrency.swift */ = {isa = PBXFileReference; lastKnownFileType = sourcecode.swift; path = "Double+asCurrency.swift"; sourceTree = "<group>"; };
/* End PBXFileReference section */

/* Begin PBXFrameworksBuildPhase section */
		558A88AA255A960200D5EA5C /* Frameworks */ = {
			isa = PBXFrameworksBuildPhase;
			buildActionMask = 2147483647;
			files = (
			);
			runOnlyForDeploymentPostprocessing = 0;
		};
/* End PBXFrameworksBuildPhase section */

/* Begin PBXGroup section */
		558A88A4255A960200D5EA5C = {
			isa = PBXGroup;
			children = (
				558A88AF255A960200D5EA5C /* Budget Tracker App */,
				558A88AE255A960200D5EA5C /* Products */,
			);
			sourceTree = "<group>";
		};
		558A88AE255A960200D5EA5C /* Products */ = {
			isa = PBXGroup;
			children = (
				558A88AD255A960200D5EA5C /* Budget Tracker App.app */,
			);
			name = Products;
			sourceTree = "<group>";
		};
		558A88AF255A960200D5EA5C /* Budget Tracker App */ = {
			isa = PBXGroup;
			children = (
				558A88B0255A960200D5EA5C /* AppDelegate.swift */,
				558A88B2255A960200D5EA5C /* SceneDelegate.swift */,
				558A88B4255A960200D5EA5C /* ViewController.swift */,
				558A88B6255A960200D5EA5C /* Main.storyboard */,
				558A88B9255A960500D5EA5C /* Assets.xcassets */,
				558A88BB255A960500D5EA5C /* LaunchScreen.storyboard */,
				558A88BE255A960500D5EA5C /* Info.plist */,
				558A88C6255AB46F00D5EA5C /* ExcelFormula.swift */,
				558A88C9255AB6EC00D5EA5C /* Double+asCurrency.swift */,
			);
			path = "Budget Tracker App";
			sourceTree = "<group>";
		};
/* End PBXGroup section */

/* Begin PBXNativeTarget section */
		558A88AC255A960200D5EA5C /* Budget Tracker App */ = {
			isa = PBXNativeTarget;
			buildConfigurationList = 558A88C1255A960500D5EA5C /* Build configuration list for PBXNativeTarget "Budget Tracker App" */;
			buildPhases = (
				558A88A9255A960200D5EA5C /* Sources */,
				558A88AA255A960200D5EA5C /* Frameworks */,
				558A88AB255A960200D5EA5C /* Resources */,
			);
			buildRules = (
			);
			dependencies = (
			);
			name = "Budget Tracker App";
			productName = "Budget Tracker App";
			productReference = 558A88AD255A960200D5EA5C /* Budget Tracker App.app */;
			productType = "com.apple.product-type.application";
		};
/* End PBXNativeTarget section */

/* Begin PBXProject section */
		558A88A5255A960200D5EA5C /* Project object */ = {
			isa = PBXProject;
			attributes = {
				LastSwiftUpdateCheck = 1210;
				LastUpgradeCheck = 1210;
				TargetAttributes = {
					558A88AC255A960200D5EA5C = {
						CreatedOnToolsVersion = 12.1;
					};
				};
			};
			buildConfigurationList = 558A88A8255A960200D5EA5C /* Build configuration list for PBXProject "Budget Tracker App" */;
			compatibilityVersion = "Xcode 9.3";
			developmentRegion = en;
			hasScannedForEncodings = 0;
			knownRegions = (
				en,
				Base,
			);
			mainGroup = 558A88A4255A960200D5EA5C;
			productRefGroup = 558A88AE255A960200D5EA5C /* Products */;
			projectDirPath = "";
			projectRoot = "";
			targets = (
				558A88AC255A960200D5EA5C /* Budget Tracker App */,
			);
		};
/* End PBXProject section */

/* Begin PBXResourcesBuildPhase section */
		558A88AB255A960200D5EA5C /* Resources */ = {
			isa = PBXResourcesBuildPhase;
			buildActionMask = 2147483647;
			files = (
				558A88BD255A960500D5EA5C /* LaunchScreen.storyboard in Resources */,
				558A88BA255A960500D5EA5C /* Assets.xcassets in Resources */,
				558A88B8255A960200D5EA5C /* Main.storyboard in Resources */,
			);
			runOnlyForDeploymentPostprocessing = 0;
		};
/* End PBXResourcesBuildPhase section */

/* Begin PBXSourcesBuildPhase section */
		558A88A9255A960200D5EA5C /* Sources */ = {
			isa = PBXSourcesBuildPhase;
			buildActionMask = 2147483647;
			files = (
				558A88C7255AB46F00D5EA5C /* ExcelFormula.swift in Sources */,
				558A88CA255AB6EC00D5EA5C /* Double+asCurrency.swift in Sources */,
				558A88B5255A960200D5EA5C /* ViewController.swift in Sources */,
				558A88B1255A960200D5EA5C /* AppDelegate.swift in Sources */,
				558A88B3255A960200D5EA5C /* SceneDelegate.swift in Sources */,
			);
			runOnlyForDeploymentPostprocessing = 0;
		};
/* End PBXSourcesBuildPhase section */

/* Begin PBXVariantGroup section */
		558A88B6255A960200D5EA5C /* Main.storyboard */ = {
			isa = PBXVariantGroup;
			children = (
				558A88B7255A960200D5EA5C /* Base */,
			);
			name = Main.storyboard;
			sourceTree = "<group>";
		};
		558A88BB255A960500D5EA5C /* LaunchScreen.storyboard */ = {
			isa = PBXVariantGroup;
			children = (
				558A88BC255A960500D5EA5C /* Base */,
			);
			name = LaunchScreen.storyboard;
			sourceTree = "<group>";
		};
/* End PBXVariantGroup section */

/* Begin XCBuildConfiguration section */
		558A88BF255A960500D5EA5C /* Debug */ = {
			isa = XCBuildConfiguration;
			buildSettings = {
				ALWAYS_SEARCH_USER_PATHS = NO;
				CLANG_ANALYZER_NONNULL = YES;
				CLANG_ANALYZER_NUMBER_OBJECT_CONVERSION = YES_AGGRESSIVE;
				CLANG_CXX_LANGUAGE_STANDARD = "gnu++14";
				CLANG_CXX_LIBRARY = "libc++";
				CLANG_ENABLE_MODULES = YES;
				CLANG_ENABLE_OBJC_ARC = YES;
				CLANG_ENABLE_OBJC_WEAK = YES;
				CLANG_WARN_BLOCK_CAPTURE_AUTORELEASING = YES;
				CLANG_WARN_BOOL_CONVERSION = YES;
				CLANG_WARN_COMMA = YES;
				CLANG_WARN_CONSTANT_CONVERSION = YES;
				CLANG_WARN_DEPRECATED_OBJC_IMPLEMENTATIONS = YES;
				CLANG_WARN_DIRECT_OBJC_ISA_USAGE = YES_ERROR;
				CLANG_WARN_DOCUMENTATION_COMMENTS = YES;
				CLANG_WARN_EMPTY_BODY = YES;
				CLANG_WARN_ENUM_CONVERSION = YES;
				CLANG_WARN_INFINITE_RECURSION = YES;
				CLANG_WARN_INT_CONVERSION = YES;
				CLANG_WARN_NON_LITERAL_NULL_CONVERSION = YES;
				CLANG_WARN_OBJC_IMPLICIT_RETAIN_SELF = YES;
				CLANG_WARN_OBJC_LITERAL_CONVERSION = YES;
				CLANG_WARN_OBJC_ROOT_CLASS = YES_ERROR;
				CLANG_WARN_QUOTED_INCLUDE_IN_FRAMEWORK_HEADER = YES;
				CLANG_WARN_RANGE_LOOP_ANALYSIS = YES;
				CLANG_WARN_STRICT_PROTOTYPES = YES;
				CLANG_WARN_SUSPICIOUS_MOVE = YES;
				CLANG_WARN_UNGUARDED_AVAILABILITY = YES_AGGRESSIVE;
				CLANG_WARN_UNREACHABLE_CODE = YES;
				CLANG_WARN__DUPLICATE_METHOD_MATCH = YES;
				COPY_PHASE_STRIP = NO;
				DEBUG_INFORMATION_FORMAT = dwarf;
				ENABLE_STRICT_OBJC_MSGSEND = YES;
				ENABLE_TESTABILITY = YES;
				GCC_C_LANGUAGE_STANDARD = gnu11;
				GCC_DYNAMIC_NO_PIC = NO;
				GCC_NO_COMMON_BLOCKS = YES;
				GCC_OPTIMIZATION_LEVEL = 0;
				GCC_PREPROCESSOR_DEFINITIONS = (
					"DEBUG=1",
					"$(inherited)",
				);
				GCC_WARN_64_TO_32_BIT_CONVERSION = YES;
				GCC_WARN_ABOUT_RETURN_TYPE = YES_ERROR;
				GCC_WARN_UNDECLARED_SELECTOR = YES;
				GCC_WARN_UNINITIALIZED_AUTOS = YES_AGGRESSIVE;
				GCC_WARN_UNUSED_FUNCTION = YES;
				GCC_WARN_UNUSED_VARIABLE = YES;
				IPHONEOS_DEPLOYMENT_TARGET = 14.1;
				MTL_ENABLE_DEBUG_INFO = INCLUDE_SOURCE;
				MTL_FAST_MATH = YES;
				ONLY_ACTIVE_ARCH = YES;
				SDKROOT = iphoneos;
				SWIFT_ACTIVE_COMPILATION_CONDITIONS = DEBUG;
				SWIFT_OPTIMIZATION_LEVEL = "-Onone";
			};
			name = Debug;
		};
		558A88C0255A960500D5EA5C /* Release */ = {
			isa = XCBuildConfiguration;
			buildSettings = {
				ALWAYS_SEARCH_USER_PATHS = NO;
				CLANG_ANALYZER_NONNULL = YES;
				CLANG_ANALYZER_NUMBER_OBJECT_CONVERSION = YES_AGGRESSIVE;
				CLANG_CXX_LANGUAGE_STANDARD = "gnu++14";
				CLANG_CXX_LIBRARY = "libc++";
				CLANG_ENABLE_MODULES = YES;
				CLANG_ENABLE_OBJC_ARC = YES;
				CLANG_ENABLE_OBJC_WEAK = YES;
				CLANG_WARN_BLOCK_CAPTURE_AUTORELEASING = YES;
				CLANG_WARN_BOOL_CONVERSION = YES;
				CLANG_WARN_COMMA = YES;
				CLANG_WARN_CONSTANT_CONVERSION = YES;
				CLANG_WARN_DEPRECATED_OBJC_IMPLEMENTATIONS = YES;
				CLANG_WARN_DIRECT_OBJC_ISA_USAGE = YES_ERROR;
				CLANG_WARN_DOCUMENTATION_COMMENTS = YES;
				CLANG_WARN_EMPTY_BODY = YES;
				CLANG_WARN_ENUM_CONVERSION = YES;
				CLANG_WARN_INFINITE_RECURSION = YES;
				CLANG_WARN_INT_CONVERSION = YES;
				CLANG_WARN_NON_LITERAL_NULL_CONVERSION = YES;
				CLANG_WARN_OBJC_IMPLICIT_RETAIN_SELF = YES;
				CLANG_WARN_OBJC_LITERAL_CONVERSION = YES;
				CLANG_WARN_OBJC_ROOT_CLASS = YES_ERROR;
				CLANG_WARN_QUOTED_INCLUDE_IN_FRAMEWORK_HEADER = YES;
				CLANG_WARN_RANGE_LOOP_ANALYSIS = YES;
				CLANG_WARN_STRICT_PROTOTYPES = YES;
				CLANG_WARN_SUSPICIOUS_MOVE = YES;
				CLANG_WARN_UNGUARDED_AVAILABILITY = YES_AGGRESSIVE;
				CLANG_WARN_UNREACHABLE_CODE = YES;
				CLANG_WARN__DUPLICATE_METHOD_MATCH = YES;
				COPY_PHASE_STRIP = NO;
				DEBUG_INFORMATION_FORMAT = "dwarf-with-dsym";
				ENABLE_NS_ASSERTIONS = NO;
				ENABLE_STRICT_OBJC_MSGSEND = YES;
				GCC_C_LANGUAGE_STANDARD = gnu11;
				GCC_NO_COMMON_BLOCKS = YES;
				GCC_WARN_64_TO_32_BIT_CONVERSION = YES;
				GCC_WARN_ABOUT_RETURN_TYPE = YES_ERROR;
				GCC_WARN_UNDECLARED_SELECTOR = YES;
				GCC_WARN_UNINITIALIZED_AUTOS = YES_AGGRESSIVE;
				GCC_WARN_UNUSED_FUNCTION = YES;
				GCC_WARN_UNUSED_VARIABLE = YES;
				IPHONEOS_DEPLOYMENT_TARGET = 14.1;
				MTL_ENABLE_DEBUG_INFO = NO;
				MTL_FAST_MATH = YES;
				SDKROOT = iphoneos;
				SWIFT_COMPILATION_MODE = wholemodule;
				SWIFT_OPTIMIZATION_LEVEL = "-O";
				VALIDATE_PRODUCT = YES;
			};
			name = Release;
		};
		558A88C2255A960500D5EA5C /* Debug */ = {
			isa = XCBuildConfiguration;
			buildSettings = {
				ASSETCATALOG_COMPILER_APPICON_NAME = AppIcon;
				ASSETCATALOG_COMPILER_GLOBAL_ACCENT_COLOR_NAME = AccentColor;
				CODE_SIGN_STYLE = Automatic;
				DEVELOPMENT_TEAM = Y4R53989M8;
				INFOPLIST_FILE = "Budget Tracker App/Info.plist";
				IPHONEOS_DEPLOYMENT_TARGET = 13.0;
				LD_RUNPATH_SEARCH_PATHS = (
					"$(inherited)",
					"@executable_path/Frameworks",
				);
				PRODUCT_BUNDLE_IDENTIFIER = "app.example.Budget-Tracker-App";
				PRODUCT_NAME = "$(TARGET_NAME)";
				SWIFT_VERSION = 5.0;
				TARGETED_DEVICE_FAMILY = "1,2";
			};
			name = Debug;
		};
		558A88C3255A960500D5EA5C /* Release */ = {
			isa = XCBuildConfiguration;
			buildSettings = {
				ASSETCATALOG_COMPILER_APPICON_NAME = AppIcon;
				ASSETCATALOG_COMPILER_GLOBAL_ACCENT_COLOR_NAME = AccentColor;
				CODE_SIGN_STYLE = Automatic;
				DEVELOPMENT_TEAM = Y4R53989M8;
				INFOPLIST_FILE = "Budget Tracker App/Info.plist";
				IPHONEOS_DEPLOYMENT_TARGET = 13.0;
				LD_RUNPATH_SEARCH_PATHS = (
					"$(inherited)",
					"@executable_path/Frameworks",
				);
				PRODUCT_BUNDLE_IDENTIFIER = "app.example.Budget-Tracker-App";
				PRODUCT_NAME = "$(TARGET_NAME)";
				SWIFT_VERSION = 5.0;
				TARGETED_DEVICE_FAMILY = "1,2";
			};
			name = Release;
		};
/* End XCBuildConfiguration section */

/* Begin XCConfigurationList section */
		558A88A8255A960200D5EA5C /* Build configuration list for PBXProject "Budget Tracker App" */ = {
			isa = XCConfigurationList;
			buildConfigurations = (
				558A88BF255A960500D5EA5C /* Debug */,
				558A88C0255A960500D5EA5C /* Release */,
			);
			defaultConfigurationIsVisible = 0;
			defaultConfigurationName = Release;
		};
		558A88C1255A960500D5EA5C /* Build configuration list for PBXNativeTarget "Budget Tracker App" */ = {
			isa = XCConfigurationList;
			buildConfigurations = (
				558A88C2255A960500D5EA5C /* Debug */,
				558A88C3255A960500D5EA5C /* Release */,
			);
			defaultConfigurationIsVisible = 0;
			defaultConfigurationName = Release;
		};
/* End XCConfigurationList section */
	};
	rootObject = 558A88A5255A960200D5EA5C /* Project object */;
}
